// !$*UTF8*$!
{
	archiveVersion = 1;
	classes = {
	};
	objectVersion = 46;
	objects = {

/* Begin PBXBuildFile section */
		13B4BF0439344F958FA7F64A /* libPods.a in Frameworks */ = {isa = PBXBuildFile; fileRef = A22BC5D065404A0FB0E10476 /* libPods.a */; };
		581161AD1AC08D37002BC4E1 /* AppDelegate.swift in Sources */ = {isa = PBXBuildFile; fileRef = 581161AC1AC08D37002BC4E1 /* AppDelegate.swift */; };
		581161AF1AC08D37002BC4E1 /* ViewController.swift in Sources */ = {isa = PBXBuildFile; fileRef = 581161AE1AC08D37002BC4E1 /* ViewController.swift */; };
		581161B21AC08D37002BC4E1 /* Main.storyboard in Resources */ = {isa = PBXBuildFile; fileRef = 581161B01AC08D37002BC4E1 /* Main.storyboard */; };
		581161B41AC08D37002BC4E1 /* Images.xcassets in Resources */ = {isa = PBXBuildFile; fileRef = 581161B31AC08D37002BC4E1 /* Images.xcassets */; };
		581161B71AC08D37002BC4E1 /* LaunchScreen.xib in Resources */ = {isa = PBXBuildFile; fileRef = 581161B51AC08D37002BC4E1 /* LaunchScreen.xib */; };
		581161C31AC08D37002BC4E1 /* ServiceReplicatorTests.swift in Sources */ = {isa = PBXBuildFile; fileRef = 581161C21AC08D37002BC4E1 /* ServiceReplicatorTests.swift */; };
/* End PBXBuildFile section */

/* Begin PBXContainerItemProxy section */
		581161BD1AC08D37002BC4E1 /* PBXContainerItemProxy */ = {
			isa = PBXContainerItemProxy;
			containerPortal = 5811619F1AC08D37002BC4E1 /* Project object */;
			proxyType = 1;
			remoteGlobalIDString = 581161A61AC08D37002BC4E1;
			remoteInfo = ServiceReplicator;
		};
/* End PBXContainerItemProxy section */

/* Begin PBXFileReference section */
		00004340AD124F96B2F73317 /* Pods.xcconfig */ = {isa = PBXFileReference; includeInIndex = 1; lastKnownFileType = text.xcconfig; name = Pods.xcconfig; path = Pods/Pods.xcconfig; sourceTree = "<group>"; };
		581161A71AC08D37002BC4E1 /* ServiceReplicator.app */ = {isa = PBXFileReference; explicitFileType = wrapper.application; includeInIndex = 0; path = ServiceReplicator.app; sourceTree = BUILT_PRODUCTS_DIR; };
		581161AB1AC08D37002BC4E1 /* Info.plist */ = {isa = PBXFileReference; lastKnownFileType = text.plist.xml; path = Info.plist; sourceTree = "<group>"; };
		581161AC1AC08D37002BC4E1 /* AppDelegate.swift */ = {isa = PBXFileReference; lastKnownFileType = sourcecode.swift; path = AppDelegate.swift; sourceTree = "<group>"; };
		581161AE1AC08D37002BC4E1 /* ViewController.swift */ = {isa = PBXFileReference; lastKnownFileType = sourcecode.swift; path = ViewController.swift; sourceTree = "<group>"; };
		581161B11AC08D37002BC4E1 /* Base */ = {isa = PBXFileReference; lastKnownFileType = file.storyboard; name = Base; path = Base.lproj/Main.storyboard; sourceTree = "<group>"; };
		581161B31AC08D37002BC4E1 /* Images.xcassets */ = {isa = PBXFileReference; lastKnownFileType = folder.assetcatalog; path = Images.xcassets; sourceTree = "<group>"; };
		581161B61AC08D37002BC4E1 /* Base */ = {isa = PBXFileReference; lastKnownFileType = file.xib; name = Base; path = Base.lproj/LaunchScreen.xib; sourceTree = "<group>"; };
		581161BC1AC08D37002BC4E1 /* ServiceReplicatorTests.xctest */ = {isa = PBXFileReference; explicitFileType = wrapper.cfbundle; includeInIndex = 0; path = ServiceReplicatorTests.xctest; sourceTree = BUILT_PRODUCTS_DIR; };
		581161C11AC08D37002BC4E1 /* Info.plist */ = {isa = PBXFileReference; lastKnownFileType = text.plist.xml; path = Info.plist; sourceTree = "<group>"; };
		581161C21AC08D37002BC4E1 /* ServiceReplicatorTests.swift */ = {isa = PBXFileReference; lastKnownFileType = sourcecode.swift; path = ServiceReplicatorTests.swift; sourceTree = "<group>"; };
		A22BC5D065404A0FB0E10476 /* libPods.a */ = {isa = PBXFileReference; explicitFileType = archive.ar; includeInIndex = 0; path = libPods.a; sourceTree = BUILT_PRODUCTS_DIR; };
/* End PBXFileReference section */

/* Begin PBXFrameworksBuildPhase section */
		581161A41AC08D37002BC4E1 /* Frameworks */ = {
			isa = PBXFrameworksBuildPhase;
			buildActionMask = 2147483647;
			files = (
				13B4BF0439344F958FA7F64A /* libPods.a in Frameworks */,
			);
			runOnlyForDeploymentPostprocessing = 0;
		};
		581161B91AC08D37002BC4E1 /* Frameworks */ = {
			isa = PBXFrameworksBuildPhase;
			buildActionMask = 2147483647;
			files = (
			);
			runOnlyForDeploymentPostprocessing = 0;
		};
/* End PBXFrameworksBuildPhase section */

/* Begin PBXGroup section */
		2E078A2D1EB343089491EAF0 /* Frameworks */ = {
			isa = PBXGroup;
			children = (
				A22BC5D065404A0FB0E10476 /* libPods.a */,
			);
			name = Frameworks;
			sourceTree = "<group>";
		};
		5811619E1AC08D37002BC4E1 = {
			isa = PBXGroup;
			children = (
				581161A91AC08D37002BC4E1 /* ServiceReplicator */,
				581161BF1AC08D37002BC4E1 /* ServiceReplicatorTests */,
				581161A81AC08D37002BC4E1 /* Products */,
				00004340AD124F96B2F73317 /* Pods.xcconfig */,
				2E078A2D1EB343089491EAF0 /* Frameworks */,
			);
			sourceTree = "<group>";
		};
		581161A81AC08D37002BC4E1 /* Products */ = {
			isa = PBXGroup;
			children = (
				581161A71AC08D37002BC4E1 /* ServiceReplicator.app */,
				581161BC1AC08D37002BC4E1 /* ServiceReplicatorTests.xctest */,
			);
			name = Products;
			sourceTree = "<group>";
		};
		581161A91AC08D37002BC4E1 /* ServiceReplicator */ = {
			isa = PBXGroup;
			children = (
				581161AC1AC08D37002BC4E1 /* AppDelegate.swift */,
				581161AE1AC08D37002BC4E1 /* ViewController.swift */,
				581161B01AC08D37002BC4E1 /* Main.storyboard */,
				581161B31AC08D37002BC4E1 /* Images.xcassets */,
				581161B51AC08D37002BC4E1 /* LaunchScreen.xib */,
				581161AA1AC08D37002BC4E1 /* Supporting Files */,
			);
			path = ServiceReplicator;
			sourceTree = "<group>";
		};
		581161AA1AC08D37002BC4E1 /* Supporting Files */ = {
			isa = PBXGroup;
			children = (
				581161AB1AC08D37002BC4E1 /* Info.plist */,
			);
			name = "Supporting Files";
			sourceTree = "<group>";
		};
		581161BF1AC08D37002BC4E1 /* ServiceReplicatorTests */ = {
			isa = PBXGroup;
			children = (
				581161C21AC08D37002BC4E1 /* ServiceReplicatorTests.swift */,
				581161C01AC08D37002BC4E1 /* Supporting Files */,
			);
			path = ServiceReplicatorTests;
			sourceTree = "<group>";
		};
		581161C01AC08D37002BC4E1 /* Supporting Files */ = {
			isa = PBXGroup;
			children = (
				581161C11AC08D37002BC4E1 /* Info.plist */,
			);
			name = "Supporting Files";
			sourceTree = "<group>";
		};
/* End PBXGroup section */

/* Begin PBXNativeTarget section */
		581161A61AC08D37002BC4E1 /* ServiceReplicator */ = {
			isa = PBXNativeTarget;
			buildConfigurationList = 581161C61AC08D37002BC4E1 /* Build configuration list for PBXNativeTarget "ServiceReplicator" */;
			buildPhases = (
				399F30F28E6449EA852A62B4 /* Check Pods Manifest.lock */,
				581161A31AC08D37002BC4E1 /* Sources */,
				581161A41AC08D37002BC4E1 /* Frameworks */,
				581161A51AC08D37002BC4E1 /* Resources */,
				D00BEE1D2FEC41DC81CF5EC8 /* Copy Pods Resources */,
			);
			buildRules = (
			);
			dependencies = (
			);
			name = ServiceReplicator;
			productName = ServiceReplicator;
			productReference = 581161A71AC08D37002BC4E1 /* ServiceReplicator.app */;
			productType = "com.apple.product-type.application";
		};
		581161BB1AC08D37002BC4E1 /* ServiceReplicatorTests */ = {
			isa = PBXNativeTarget;
			buildConfigurationList = 581161C91AC08D37002BC4E1 /* Build configuration list for PBXNativeTarget "ServiceReplicatorTests" */;
			buildPhases = (
				581161B81AC08D37002BC4E1 /* Sources */,
				581161B91AC08D37002BC4E1 /* Frameworks */,
				581161BA1AC08D37002BC4E1 /* Resources */,
			);
			buildRules = (
			);
			dependencies = (
				581161BE1AC08D37002BC4E1 /* PBXTargetDependency */,
			);
			name = ServiceReplicatorTests;
			productName = ServiceReplicatorTests;
			productReference = 581161BC1AC08D37002BC4E1 /* ServiceReplicatorTests.xctest */;
			productType = "com.apple.product-type.bundle.unit-test";
		};
/* End PBXNativeTarget section */

/* Begin PBXProject section */
		5811619F1AC08D37002BC4E1 /* Project object */ = {
			isa = PBXProject;
			attributes = {
				LastUpgradeCheck = 0620;
				ORGANIZATIONNAME = jevinanderson;
				TargetAttributes = {
					581161A61AC08D37002BC4E1 = {
						CreatedOnToolsVersion = 6.2;
					};
					581161BB1AC08D37002BC4E1 = {
						CreatedOnToolsVersion = 6.2;
						TestTargetID = 581161A61AC08D37002BC4E1;
					};
				};
			};
			buildConfigurationList = 581161A21AC08D37002BC4E1 /* Build configuration list for PBXProject "ServiceReplicator" */;
			compatibilityVersion = "Xcode 3.2";
			developmentRegion = English;
			hasScannedForEncodings = 0;
			knownRegions = (
				en,
				Base,
			);
			mainGroup = 5811619E1AC08D37002BC4E1;
			productRefGroup = 581161A81AC08D37002BC4E1 /* Products */;
			projectDirPath = "";
			projectRoot = "";
			targets = (
				581161A61AC08D37002BC4E1 /* ServiceReplicator */,
				581161BB1AC08D37002BC4E1 /* ServiceReplicatorTests */,
			);
		};
/* End PBXProject section */

/* Begin PBXResourcesBuildPhase section */
		581161A51AC08D37002BC4E1 /* Resources */ = {
			isa = PBXResourcesBuildPhase;
			buildActionMask = 2147483647;
			files = (
				581161B21AC08D37002BC4E1 /* Main.storyboard in Resources */,
				581161B71AC08D37002BC4E1 /* LaunchScreen.xib in Resources */,
				581161B41AC08D37002BC4E1 /* Images.xcassets in Resources */,
			);
			runOnlyForDeploymentPostprocessing = 0;
		};
		581161BA1AC08D37002BC4E1 /* Resources */ = {
			isa = PBXResourcesBuildPhase;
			buildActionMask = 2147483647;
			files = (
			);
			runOnlyForDeploymentPostprocessing = 0;
		};
/* End PBXResourcesBuildPhase section */

/* Begin PBXShellScriptBuildPhase section */
		399F30F28E6449EA852A62B4 /* Check Pods Manifest.lock */ = {
			isa = PBXShellScriptBuildPhase;
			buildActionMask = 2147483647;
			files = (
			);
			inputPaths = (
			);
			name = "Check Pods Manifest.lock";
			outputPaths = (
			);
			runOnlyForDeploymentPostprocessing = 0;
			shellPath = /bin/sh;
			shellScript = "diff \"${PODS_ROOT}/../Podfile.lock\" \"${PODS_ROOT}/Manifest.lock\" > /dev/null\nif [[ $? != 0 ]] ; then\n    cat << EOM\nerror: The sandbox is not in sync with the Podfile.lock. Run 'pod install' or update your CocoaPods installation.\nEOM\n    exit 1\nfi\n";
			showEnvVarsInLog = 0;
		};
		D00BEE1D2FEC41DC81CF5EC8 /* Copy Pods Resources */ = {
			isa = PBXShellScriptBuildPhase;
			buildActionMask = 2147483647;
			files = (
			);
			inputPaths = (
			);
			name = "Copy Pods Resources";
			outputPaths = (
			);
			runOnlyForDeploymentPostprocessing = 0;
			shellPath = /bin/sh;
			shellScript = "\"${SRCROOT}/Pods/Pods-resources.sh\"\n";
			showEnvVarsInLog = 0;
		};
/* End PBXShellScriptBuildPhase section */

/* Begin PBXSourcesBuildPhase section */
		581161A31AC08D37002BC4E1 /* Sources */ = {
			isa = PBXSourcesBuildPhase;
			buildActionMask = 2147483647;
			files = (
				581161AF1AC08D37002BC4E1 /* ViewController.swift in Sources */,
				581161AD1AC08D37002BC4E1 /* AppDelegate.swift in Sources */,
			);
			runOnlyForDeploymentPostprocessing = 0;
		};
		581161B81AC08D37002BC4E1 /* Sources */ = {
			isa = PBXSourcesBuildPhase;
			buildActionMask = 2147483647;
			files = (
				581161C31AC08D37002BC4E1 /* ServiceReplicatorTests.swift in Sources */,
			);
			runOnlyForDeploymentPostprocessing = 0;
		};
/* End PBXSourcesBuildPhase section */

/* Begin PBXTargetDependency section */
		581161BE1AC08D37002BC4E1 /* PBXTargetDependency */ = {
			isa = PBXTargetDependency;
			target = 581161A61AC08D37002BC4E1 /* ServiceReplicator */;
			targetProxy = 581161BD1AC08D37002BC4E1 /* PBXContainerItemProxy */;
		};
/* End PBXTargetDependency section */

/* Begin PBXVariantGroup section */
		581161B01AC08D37002BC4E1 /* Main.storyboard */ = {
			isa = PBXVariantGroup;
			children = (
				581161B11AC08D37002BC4E1 /* Base */,
			);
			name = Main.storyboard;
			sourceTree = "<group>";
		};
		581161B51AC08D37002BC4E1 /* LaunchScreen.xib */ = {
			isa = PBXVariantGroup;
			children = (
				581161B61AC08D37002BC4E1 /* Base */,
			);
			name = LaunchScreen.xib;
			sourceTree = "<group>";
		};
/* End PBXVariantGroup section */

/* Begin XCBuildConfiguration section */
		581161C41AC08D37002BC4E1 /* Debug */ = {
			isa = XCBuildConfiguration;
			buildSettings = {
				ALWAYS_SEARCH_USER_PATHS = NO;
				CLANG_CXX_LANGUAGE_STANDARD = "gnu++0x";
				CLANG_CXX_LIBRARY = "libc++";
				CLANG_ENABLE_MODULES = YES;
				CLANG_ENABLE_OBJC_ARC = YES;
				CLANG_WARN_BOOL_CONVERSION = YES;
				CLANG_WARN_CONSTANT_CONVERSION = YES;
				CLANG_WARN_DIRECT_OBJC_ISA_USAGE = YES_ERROR;
				CLANG_WARN_EMPTY_BODY = YES;
				CLANG_WARN_ENUM_CONVERSION = YES;
				CLANG_WARN_INT_CONVERSION = YES;
				CLANG_WARN_OBJC_ROOT_CLASS = YES_ERROR;
				CLANG_WARN_UNREACHABLE_CODE = YES;
				CLANG_WARN__DUPLICATE_METHOD_MATCH = YES;
				"CODE_SIGN_IDENTITY[sdk=iphoneos*]" = "iPhone Developer";
				COPY_PHASE_STRIP = NO;
				ENABLE_STRICT_OBJC_MSGSEND = YES;
				GCC_C_LANGUAGE_STANDARD = gnu99;
				GCC_DYNAMIC_NO_PIC = NO;
				GCC_OPTIMIZATION_LEVEL = 0;
				GCC_PREPROCESSOR_DEFINITIONS = (
					"DEBUG=1",
					"$(inherited)",
				);
				GCC_SYMBOLS_PRIVATE_EXTERN = NO;
				GCC_WARN_64_TO_32_BIT_CONVERSION = YES;
				GCC_WARN_ABOUT_RETURN_TYPE = YES_ERROR;
				GCC_WARN_UNDECLARED_SELECTOR = YES;
				GCC_WARN_UNINITIALIZED_AUTOS = YES_AGGRESSIVE;
				GCC_WARN_UNUSED_FUNCTION = YES;
				GCC_WARN_UNUSED_VARIABLE = YES;
				IPHONEOS_DEPLOYMENT_TARGET = 8.2;
				MTL_ENABLE_DEBUG_INFO = YES;
				ONLY_ACTIVE_ARCH = YES;
				SDKROOT = iphoneos;
				SWIFT_OPTIMIZATION_LEVEL = "-Onone";
				TARGETED_DEVICE_FAMILY = "1,2";
			};
			name = Debug;
		};
		581161C51AC08D37002BC4E1 /* Release */ = {
			isa = XCBuildConfiguration;
			buildSettings = {
				ALWAYS_SEARCH_USER_PATHS = NO;
				CLANG_CXX_LANGUAGE_STANDARD = "gnu++0x";
				CLANG_CXX_LIBRARY = "libc++";
				CLANG_ENABLE_MODULES = YES;
				CLANG_ENABLE_OBJC_ARC = YES;
				CLANG_WARN_BOOL_CONVERSION = YES;
				CLANG_WARN_CONSTANT_CONVERSION = YES;
				CLANG_WARN_DIRECT_OBJC_ISA_USAGE = YES_ERROR;
				CLANG_WARN_EMPTY_BODY = YES;
				CLANG_WARN_ENUM_CONVERSION = YES;
				CLANG_WARN_INT_CONVERSION = YES;
				CLANG_WARN_OBJC_ROOT_CLASS = YES_ERROR;
				CLANG_WARN_UNREACHABLE_CODE = YES;
				CLANG_WARN__DUPLICATE_METHOD_MATCH = YES;
				"CODE_SIGN_IDENTITY[sdk=iphoneos*]" = "iPhone Developer";
				COPY_PHASE_STRIP = NO;
				ENABLE_NS_ASSERTIONS = NO;
				ENABLE_STRICT_OBJC_MSGSEND = YES;
				GCC_C_LANGUAGE_STANDARD = gnu99;
				GCC_WARN_64_TO_32_BIT_CONVERSION = YES;
				GCC_WARN_ABOUT_RETURN_TYPE = YES_ERROR;
				GCC_WARN_UNDECLARED_SELECTOR = YES;
				GCC_WARN_UNINITIALIZED_AUTOS = YES_AGGRESSIVE;
				GCC_WARN_UNUSED_FUNCTION = YES;
				GCC_WARN_UNUSED_VARIABLE = YES;
				IPHONEOS_DEPLOYMENT_TARGET = 8.2;
				MTL_ENABLE_DEBUG_INFO = NO;
				SDKROOT = iphoneos;
				TARGETED_DEVICE_FAMILY = "1,2";
				VALIDATE_PRODUCT = YES;
			};
			name = Release;
		};
		581161C71AC08D37002BC4E1 /* Debug */ = {
			isa = XCBuildConfiguration;
			baseConfigurationReference = 00004340AD124F96B2F73317 /* Pods.xcconfig */;
			buildSettings = {
				ASSETCATALOG_COMPILER_APPICON_NAME = AppIcon;
				INFOPLIST_FILE = ServiceReplicator/Info.plist;
				LD_RUNPATH_SEARCH_PATHS = "$(inherited) @executable_path/Frameworks";
				PRODUCT_NAME = "$(TARGET_NAME)";
			};
			name = Debug;
		};
		581161C81AC08D37002BC4E1 /* Release */ = {
			isa = XCBuildConfiguration;
			baseConfigurationReference = 00004340AD124F96B2F73317 /* Pods.xcconfig */;
			buildSettings = {
				ASSETCATALOG_COMPILER_APPICON_NAME = AppIcon;
				INFOPLIST_FILE = ServiceReplicator/Info.plist;
				LD_RUNPATH_SEARCH_PATHS = "$(inherited) @executable_path/Frameworks";
				PRODUCT_NAME = "$(TARGET_NAME)";
			};
			name = Release;
		};
		581161CA1AC08D37002BC4E1 /* Debug */ = {
			isa = XCBuildConfiguration;
			buildSettings = {
				BUNDLE_LOADER = "$(TEST_HOST)";
				FRAMEWORK_SEARCH_PATHS = (
					"$(SDKROOT)/Developer/Library/Frameworks",
					"$(inherited)",
				);
				GCC_PREPROCESSOR_DEFINITIONS = (
					"DEBUG=1",
					"$(inherited)",
				);
				INFOPLIST_FILE = ServiceReplicatorTests/Info.plist;
				LD_RUNPATH_SEARCH_PATHS = "$(inherited) @executable_path/Frameworks @loader_path/Frameworks";
				PRODUCT_NAME = "$(TARGET_NAME)";
				TEST_HOST = "$(BUILT_PRODUCTS_DIR)/ServiceReplicator.app/ServiceReplicator";
			};
			name = Debug;
		};
		581161CB1AC08D37002BC4E1 /* Release */ = {
			isa = XCBuildConfiguration;
			buildSettings = {
				BUNDLE_LOADER = "$(TEST_HOST)";
				FRAMEWORK_SEARCH_PATHS = (
					"$(SDKROOT)/Developer/Library/Frameworks",
					"$(inherited)",
				);
				INFOPLIST_FILE = ServiceReplicatorTests/Info.plist;
				LD_RUNPATH_SEARCH_PATHS = "$(inherited) @executable_path/Frameworks @loader_path/Frameworks";
				PRODUCT_NAME = "$(TARGET_NAME)";
				TEST_HOST = "$(BUILT_PRODUCTS_DIR)/ServiceReplicator.app/ServiceReplicator";
			};
			name = Release;
		};
/* End XCBuildConfiguration section */

/* Begin XCConfigurationList section */
		581161A21AC08D37002BC4E1 /* Build configuration list for PBXProject "ServiceReplicator" */ = {
			isa = XCConfigurationList;
			buildConfigurations = (
				581161C41AC08D37002BC4E1 /* Debug */,
				581161C51AC08D37002BC4E1 /* Release */,
			);
			defaultConfigurationIsVisible = 0;
			defaultConfigurationName = Release;
		};
		581161C61AC08D37002BC4E1 /* Build configuration list for PBXNativeTarget "ServiceReplicator" */ = {
			isa = XCConfigurationList;
			buildConfigurations = (
				581161C71AC08D37002BC4E1 /* Debug */,
				581161C81AC08D37002BC4E1 /* Release */,
			);
			defaultConfigurationIsVisible = 0;
			defaultConfigurationName = Release;
		};
		581161C91AC08D37002BC4E1 /* Build configuration list for PBXNativeTarget "ServiceReplicatorTests" */ = {
			isa = XCConfigurationList;
			buildConfigurations = (
				581161CA1AC08D37002BC4E1 /* Debug */,
				581161CB1AC08D37002BC4E1 /* Release */,
			);
			defaultConfigurationIsVisible = 0;
			defaultConfigurationName = Release;
		};
/* End XCConfigurationList section */
	};
	rootObject = 5811619F1AC08D37002BC4E1 /* Project object */;
}
